
Microsoft Visual Studio Solution File, Format Version 12.00
# Visual Studio Version 16
VisualStudioVersion = 16.0.30907.101
MinimumVisualStudioVersion = 10.0.40219.1
Project("{FAE04EC0-301F-11D3-BF4B-00C04F79EFBC}") = "InterfaceAbstractDemo", "InterfaceAbstractDemo\InterfaceAbstractDemo.csproj", "{6A03A84A-34B5-4BCB-AAEB-4F85352107CC}"
EndProject
Global
	GlobalSection(SolutionConfigurationPlatforms) = preSolution
		Debug|Any CPU = Debug|Any CPU
		Release|Any CPU = Release|Any CPU
	EndGlobalSection
	GlobalSection(ProjectConfigurationPlatforms) = postSolution
		{6A03A84A-34B5-4BCB-AAEB-4F85352107CC}.Debug|Any CPU.ActiveCfg = Debug|Any CPU
		{6A03A84A-34B5-4BCB-AAEB-4F85352107CC}.Debug|Any CPU.Build.0 = Debug|Any CPU
		{6A03A84A-34B5-4BCB-AAEB-4F85352107CC}.Release|Any CPU.ActiveCfg = Release|Any CPU
		{6A03A84A-34B5-4BCB-AAEB-4F85352107CC}.Release|Any CPU.Build.0 = Release|Any CPU
	EndGlobalSection
	GlobalSection(SolutionProperties) = preSolution
		HideSolutionNode = FALSE
	EndGlobalSection
	GlobalSection(ExtensibilityGlobals) = postSolution
		SolutionGuid = {AC5EC923-A54E-4176-BC42-99ED4661F480}
	EndGlobalSection
EndGlobal
